
Microsoft Visual Studio Solution File, Format Version 12.00
# Visual Studio Version 17
VisualStudioVersion = 17.7.34202.233
MinimumVisualStudioVersion = 10.0.40219.1
Project("{FAE04EC0-301F-11D3-BF4B-00C04F79EFBC}") = "CustomCache", "CustomCache\CustomCache.csproj", "{992054EA-9880-4735-A12F-E63E67237CD9}"
EndProject
Global
	GlobalSection(SolutionConfigurationPlatforms) = preSolution
		Debug|Any CPU = Debug|Any CPU
		Release|Any CPU = Release|Any CPU
	EndGlobalSection
	GlobalSection(ProjectConfigurationPlatforms) = postSolution
		{992054EA-9880-4735-A12F-E63E67237CD9}.Debug|Any CPU.ActiveCfg = Debug|Any CPU
		{992054EA-9880-4735-A12F-E63E67237CD9}.Debug|Any CPU.Build.0 = Debug|Any CPU
		{992054EA-9880-4735-A12F-E63E67237CD9}.Release|Any CPU.ActiveCfg = Release|Any CPU
		{992054EA-9880-4735-A12F-E63E67237CD9}.Release|Any CPU.Build.0 = Release|Any CPU
	EndGlobalSection
	GlobalSection(SolutionProperties) = preSolution
		HideSolutionNode = FALSE
	EndGlobalSection
	GlobalSection(ExtensibilityGlobals) = postSolution
		SolutionGuid = {AC7723C6-3DE1-4C7D-B1E6-83E6015B1877}
	EndGlobalSection
EndGlobal
